<?xml version="1.0" encoding="utf-8"?>
<Project ToolsVersion="4.0" xmlns="http://schemas.microsoft.com/developer/msbuild/2003">
  <ItemGroup>
    <Filter Include="Ruby">
      <UniqueIdentifier>{67058C7C-533C-8D0D-FC28-7310E83E090F}</UniqueIdentifier>
    </Filter>
  </ItemGroup>
  <ItemGroup>
    <ClInclude Include="src\Ruby.h" />
    <ClInclude Include="src\Ruby\Application.h">
      <Filter>Ruby</Filter>
    </ClInclude>
    <ClInclude Include="src\Ruby\EntryPoint.h">
      <Filter>Ruby</Filter>
    </ClInclude>
    <ClInclude Include="src\Ruby\Log.h">
      <Filter>Ruby</Filter>
    </ClInclude>
    <ClInclude Include="src\Ruby\core.h">
      <Filter>Ruby</Filter>
    </ClInclude>
  </ItemGroup>
  <ItemGroup>
    <ClCompile Include="src\Ruby\Application.cpp">
      <Filter>Ruby</Filter>
    </ClCompile>
    <ClCompile Include="src\Ruby\Log.cpp">
      <Filter>Ruby</Filter>
    </ClCompile>
  </ItemGroup>
</Project>